Microsoft Visual Studio Solution File, Format Version 12.00
# Visual Studio Version 17
VisualStudioVersion = 17.5.2.0
MinimumVisualStudioVersion = 10.0.40219.1
Project("{FAE04EC0-301F-11D3-BF4B-00C04F79EFBC}") = "CIPDeviceBackup", "CIPDeviceBackup.csproj", "{163DE85E-6542-D876-4ABA-BF24C84F791F}"
EndProject
Global
	GlobalSection(SolutionConfigurationPlatforms) = preSolution
		Debug|Any CPU = Debug|Any CPU
		Release|Any CPU = Release|Any CPU
	EndGlobalSection
	GlobalSection(ProjectConfigurationPlatforms) = postSolution
		{163DE85E-6542-D876-4ABA-BF24C84F791F}.Debug|Any CPU.ActiveCfg = Debug|Any CPU
		{163DE85E-6542-D876-4ABA-BF24C84F791F}.Debug|Any CPU.Build.0 = Debug|Any CPU
		{163DE85E-6542-D876-4ABA-BF24C84F791F}.Release|Any CPU.ActiveCfg = Release|Any CPU
		{163DE85E-6542-D876-4ABA-BF24C84F791F}.Release|Any CPU.Build.0 = Release|Any CPU
	EndGlobalSection
	GlobalSection(SolutionProperties) = preSolution
		HideSolutionNode = FALSE
	EndGlobalSection
	GlobalSection(ExtensibilityGlobals) = postSolution
		SolutionGuid = {A11EACD1-80FA-429C-BB44-3F45986559D2}
	EndGlobalSection
EndGlobal
